// !$*UTF8*$!
{
	archiveVersion = 1;
	classes = {
	};
	objectVersion = 46;
	objects = {

/* Begin PBXBuildFile section */
		604969F91A414239009D7B33 /* Info.plist in Resources */ = {isa = PBXBuildFile; fileRef = 60B9A77C1A3C8D0400373394 /* Info.plist */; };
		604969FD1A427B43009D7B33 /* CelestialBody.m in Sources */ = {isa = PBXBuildFile; fileRef = 604969FC1A427B43009D7B33 /* CelestialBody.m */; };
		60496A011A43C8B8009D7B33 /* RedShip.m in Sources */ = {isa = PBXBuildFile; fileRef = 60496A001A43C8B8009D7B33 /* RedShip.m */; };
		609092EE1A3F9C0B002954D4 /* Spawner.m in Sources */ = {isa = PBXBuildFile; fileRef = 609092ED1A3F9C0B002954D4 /* Spawner.m */; };
		60B9A77E1A3C8D0400373394 /* main.m in Sources */ = {isa = PBXBuildFile; fileRef = 60B9A77D1A3C8D0400373394 /* main.m */; };
		60B9A7811A3C8D0400373394 /* AppDelegate.m in Sources */ = {isa = PBXBuildFile; fileRef = 60B9A7801A3C8D0400373394 /* AppDelegate.m */; };
		60B9A7841A3C8D0400373394 /* GameScene.m in Sources */ = {isa = PBXBuildFile; fileRef = 60B9A7831A3C8D0400373394 /* GameScene.m */; };
		60B9A7861A3C8D0400373394 /* GameScene.sks in Resources */ = {isa = PBXBuildFile; fileRef = 60B9A7851A3C8D0400373394 /* GameScene.sks */; };
		60B9A7891A3C8D0400373394 /* GameViewController.m in Sources */ = {isa = PBXBuildFile; fileRef = 60B9A7881A3C8D0400373394 /* GameViewController.m */; };
		60B9A78C1A3C8D0400373394 /* Main.storyboard in Resources */ = {isa = PBXBuildFile; fileRef = 60B9A78A1A3C8D0400373394 /* Main.storyboard */; };
		60B9A78E1A3C8D0400373394 /* Images.xcassets in Resources */ = {isa = PBXBuildFile; fileRef = 60B9A78D1A3C8D0400373394 /* Images.xcassets */; };
		60B9A7911A3C8D0400373394 /* LaunchScreen.xib in Resources */ = {isa = PBXBuildFile; fileRef = 60B9A78F1A3C8D0400373394 /* LaunchScreen.xib */; };
		60B9A79D1A3C8D0500373394 /* SimpleGameTests.m in Sources */ = {isa = PBXBuildFile; fileRef = 60B9A79C1A3C8D0500373394 /* SimpleGameTests.m */; };
		60B9A7A71A3CA21500373394 /* Ship.m in Sources */ = {isa = PBXBuildFile; fileRef = 60B9A7A61A3CA21500373394 /* Ship.m */; };
		60B9A7AB1A3D4CFA00373394 /* BlackHole.m in Sources */ = {isa = PBXBuildFile; fileRef = 60B9A7AA1A3D4CFA00373394 /* BlackHole.m */; };
		60D1A7391A455644006335D1 /* BlueShip.m in Sources */ = {isa = PBXBuildFile; fileRef = 60D1A7381A455644006335D1 /* BlueShip.m */; };
		60D1A73C1A45D913006335D1 /* ExitPortal.m in Sources */ = {isa = PBXBuildFile; fileRef = 60D1A73B1A45D913006335D1 /* ExitPortal.m */; };
		60E856D91A674D3900E8F229 /* GameOverScene.m in Sources */ = {isa = PBXBuildFile; fileRef = 60E856D81A674D3900E8F229 /* GameOverScene.m */; };
/* End PBXBuildFile section */

/* Begin PBXContainerItemProxy section */
		60B9A7971A3C8D0500373394 /* PBXContainerItemProxy */ = {
			isa = PBXContainerItemProxy;
			containerPortal = 60B9A7701A3C8D0400373394 /* Project object */;
			proxyType = 1;
			remoteGlobalIDString = 60B9A7771A3C8D0400373394;
			remoteInfo = SimpleGame;
		};
/* End PBXContainerItemProxy section */

/* Begin PBXFileReference section */
		604969FC1A427B43009D7B33 /* CelestialBody.m */ = {isa = PBXFileReference; fileEncoding = 4; lastKnownFileType = sourcecode.c.objc; path = CelestialBody.m; sourceTree = "<group>"; };
		604969FE1A427B4E009D7B33 /* CelestialBody.h */ = {isa = PBXFileReference; lastKnownFileType = sourcecode.c.h; path = CelestialBody.h; sourceTree = "<group>"; };
		604969FF1A43C8A6009D7B33 /* RedShip.h */ = {isa = PBXFileReference; lastKnownFileType = sourcecode.c.h; path = RedShip.h; sourceTree = "<group>"; };
		60496A001A43C8B8009D7B33 /* RedShip.m */ = {isa = PBXFileReference; fileEncoding = 4; lastKnownFileType = sourcecode.c.objc; path = RedShip.m; sourceTree = "<group>"; };
		609092ED1A3F9C0B002954D4 /* Spawner.m */ = {isa = PBXFileReference; fileEncoding = 4; lastKnownFileType = sourcecode.c.objc; path = Spawner.m; sourceTree = "<group>"; };
		609092EF1A3F9C29002954D4 /* Spawner.h */ = {isa = PBXFileReference; fileEncoding = 4; lastKnownFileType = sourcecode.c.h; path = Spawner.h; sourceTree = "<group>"; };
		60B9A7781A3C8D0400373394 /* SimpleGame.app */ = {isa = PBXFileReference; explicitFileType = wrapper.application; includeInIndex = 0; path = SimpleGame.app; sourceTree = BUILT_PRODUCTS_DIR; };
		60B9A77C1A3C8D0400373394 /* Info.plist */ = {isa = PBXFileReference; lastKnownFileType = text.plist.xml; path = Info.plist; sourceTree = "<group>"; };
		60B9A77D1A3C8D0400373394 /* main.m */ = {isa = PBXFileReference; lastKnownFileType = sourcecode.c.objc; path = main.m; sourceTree = "<group>"; };
		60B9A77F1A3C8D0400373394 /* AppDelegate.h */ = {isa = PBXFileReference; lastKnownFileType = sourcecode.c.h; path = AppDelegate.h; sourceTree = "<group>"; };
		60B9A7801A3C8D0400373394 /* AppDelegate.m */ = {isa = PBXFileReference; lastKnownFileType = sourcecode.c.objc; path = AppDelegate.m; sourceTree = "<group>"; };
		60B9A7821A3C8D0400373394 /* GameScene.h */ = {isa = PBXFileReference; lastKnownFileType = sourcecode.c.h; path = GameScene.h; sourceTree = "<group>"; };
		60B9A7831A3C8D0400373394 /* GameScene.m */ = {isa = PBXFileReference; lastKnownFileType = sourcecode.c.objc; path = GameScene.m; sourceTree = "<group>"; };
		60B9A7851A3C8D0400373394 /* GameScene.sks */ = {isa = PBXFileReference; lastKnownFileType = file.sks; path = GameScene.sks; sourceTree = "<group>"; };
		60B9A7871A3C8D0400373394 /* GameViewController.h */ = {isa = PBXFileReference; lastKnownFileType = sourcecode.c.h; path = GameViewController.h; sourceTree = "<group>"; };
		60B9A7881A3C8D0400373394 /* GameViewController.m */ = {isa = PBXFileReference; lastKnownFileType = sourcecode.c.objc; path = GameViewController.m; sourceTree = "<group>"; };
		60B9A78B1A3C8D0400373394 /* Base */ = {isa = PBXFileReference; lastKnownFileType = file.storyboard; name = Base; path = Base.lproj/Main.storyboard; sourceTree = "<group>"; };
		60B9A78D1A3C8D0400373394 /* Images.xcassets */ = {isa = PBXFileReference; lastKnownFileType = folder.assetcatalog; path = Images.xcassets; sourceTree = "<group>"; };
		60B9A7901A3C8D0400373394 /* Base */ = {isa = PBXFileReference; lastKnownFileType = file.xib; name = Base; path = Base.lproj/LaunchScreen.xib; sourceTree = "<group>"; };
		60B9A7961A3C8D0500373394 /* SimpleGameTests.xctest */ = {isa = PBXFileReference; explicitFileType = wrapper.cfbundle; includeInIndex = 0; path = SimpleGameTests.xctest; sourceTree = BUILT_PRODUCTS_DIR; };
		60B9A79B1A3C8D0500373394 /* Info.plist */ = {isa = PBXFileReference; lastKnownFileType = text.plist.xml; path = Info.plist; sourceTree = "<group>"; };
		60B9A79C1A3C8D0500373394 /* SimpleGameTests.m */ = {isa = PBXFileReference; lastKnownFileType = sourcecode.c.objc; path = SimpleGameTests.m; sourceTree = "<group>"; };
		60B9A7A61A3CA21500373394 /* Ship.m */ = {isa = PBXFileReference; fileEncoding = 4; lastKnownFileType = sourcecode.c.objc; path = Ship.m; sourceTree = "<group>"; };
		60B9A7A91A3CA24000373394 /* Ship.h */ = {isa = PBXFileReference; lastKnownFileType = sourcecode.c.h; path = Ship.h; sourceTree = "<group>"; };
		60B9A7AA1A3D4CFA00373394 /* BlackHole.m */ = {isa = PBXFileReference; fileEncoding = 4; lastKnownFileType = sourcecode.c.objc; path = BlackHole.m; sourceTree = "<group>"; };
		60B9A7AC1A3D4D1900373394 /* BlackHole.h */ = {isa = PBXFileReference; fileEncoding = 4; lastKnownFileType = sourcecode.c.h; path = BlackHole.h; sourceTree = "<group>"; };
		60D1A7361A454B37006335D1 /* Collisions.h */ = {isa = PBXFileReference; lastKnownFileType = sourcecode.c.h; path = Collisions.h; sourceTree = "<group>"; };
		60D1A7371A455644006335D1 /* BlueShip.h */ = {isa = PBXFileReference; fileEncoding = 4; lastKnownFileType = sourcecode.c.h; path = BlueShip.h; sourceTree = "<group>"; };
		60D1A7381A455644006335D1 /* BlueShip.m */ = {isa = PBXFileReference; fileEncoding = 4; lastKnownFileType = sourcecode.c.objc; path = BlueShip.m; sourceTree = "<group>"; };
		60D1A73A1A45D8FD006335D1 /* ExitPortal.h */ = {isa = PBXFileReference; lastKnownFileType = sourcecode.c.h; path = ExitPortal.h; sourceTree = "<group>"; };
		60D1A73B1A45D913006335D1 /* ExitPortal.m */ = {isa = PBXFileReference; fileEncoding = 4; lastKnownFileType = sourcecode.c.objc; path = ExitPortal.m; sourceTree = "<group>"; };
		60E856D81A674D3900E8F229 /* GameOverScene.m */ = {isa = PBXFileReference; fileEncoding = 4; lastKnownFileType = sourcecode.c.objc; path = GameOverScene.m; sourceTree = "<group>"; };
		60E856DA1A674DAC00E8F229 /* GameOverScene.h */ = {isa = PBXFileReference; lastKnownFileType = sourcecode.c.h; path = GameOverScene.h; sourceTree = "<group>"; };
/* End PBXFileReference section */

/* Begin PBXFrameworksBuildPhase section */
		60B9A7751A3C8D0400373394 /* Frameworks */ = {
			isa = PBXFrameworksBuildPhase;
			buildActionMask = 2147483647;
			files = (
			);
			runOnlyForDeploymentPostprocessing = 0;
		};
		60B9A7931A3C8D0500373394 /* Frameworks */ = {
			isa = PBXFrameworksBuildPhase;
			buildActionMask = 2147483647;
			files = (
			);
			runOnlyForDeploymentPostprocessing = 0;
		};
/* End PBXFrameworksBuildPhase section */

/* Begin PBXGroup section */
		60B9A76F1A3C8D0400373394 = {
			isa = PBXGroup;
			children = (
				60B9A77A1A3C8D0400373394 /* SimpleGame */,
				60B9A7991A3C8D0500373394 /* SimpleGameTests */,
				60B9A7791A3C8D0400373394 /* Products */,
			);
			sourceTree = "<group>";
		};
		60B9A7791A3C8D0400373394 /* Products */ = {
			isa = PBXGroup;
			children = (
				60B9A7781A3C8D0400373394 /* SimpleGame.app */,
				60B9A7961A3C8D0500373394 /* SimpleGameTests.xctest */,
			);
			name = Products;
			sourceTree = "<group>";
		};
		60B9A77A1A3C8D0400373394 /* SimpleGame */ = {
			isa = PBXGroup;
			children = (
				60D1A7361A454B37006335D1 /* Collisions.h */,
				60B9A7A91A3CA24000373394 /* Ship.h */,
				60B9A7A61A3CA21500373394 /* Ship.m */,
				604969FF1A43C8A6009D7B33 /* RedShip.h */,
				60496A001A43C8B8009D7B33 /* RedShip.m */,
				60D1A7371A455644006335D1 /* BlueShip.h */,
				60D1A7381A455644006335D1 /* BlueShip.m */,
				60B9A7AC1A3D4D1900373394 /* BlackHole.h */,
				60B9A7AA1A3D4CFA00373394 /* BlackHole.m */,
				604969FE1A427B4E009D7B33 /* CelestialBody.h */,
				604969FC1A427B43009D7B33 /* CelestialBody.m */,
				609092EF1A3F9C29002954D4 /* Spawner.h */,
				609092ED1A3F9C0B002954D4 /* Spawner.m */,
				60D1A73A1A45D8FD006335D1 /* ExitPortal.h */,
				60D1A73B1A45D913006335D1 /* ExitPortal.m */,
				60B9A77F1A3C8D0400373394 /* AppDelegate.h */,
				60B9A7801A3C8D0400373394 /* AppDelegate.m */,
				60B9A7821A3C8D0400373394 /* GameScene.h */,
				60B9A7831A3C8D0400373394 /* GameScene.m */,
				60E856DA1A674DAC00E8F229 /* GameOverScene.h */,
				60E856D81A674D3900E8F229 /* GameOverScene.m */,
				60B9A7871A3C8D0400373394 /* GameViewController.h */,
				60B9A7881A3C8D0400373394 /* GameViewController.m */,
				60B9A78A1A3C8D0400373394 /* Main.storyboard */,
				60B9A78F1A3C8D0400373394 /* LaunchScreen.xib */,
				60B9A7851A3C8D0400373394 /* GameScene.sks */,
				60B9A78D1A3C8D0400373394 /* Images.xcassets */,
				60B9A77B1A3C8D0400373394 /* Supporting Files */,
			);
			path = SimpleGame;
			sourceTree = "<group>";
		};
		60B9A77B1A3C8D0400373394 /* Supporting Files */ = {
			isa = PBXGroup;
			children = (
				60B9A77C1A3C8D0400373394 /* Info.plist */,
				60B9A77D1A3C8D0400373394 /* main.m */,
			);
			name = "Supporting Files";
			sourceTree = "<group>";
		};
		60B9A7991A3C8D0500373394 /* SimpleGameTests */ = {
			isa = PBXGroup;
			children = (
				60B9A79C1A3C8D0500373394 /* SimpleGameTests.m */,
				60B9A79A1A3C8D0500373394 /* Supporting Files */,
			);
			path = SimpleGameTests;
			sourceTree = "<group>";
		};
		60B9A79A1A3C8D0500373394 /* Supporting Files */ = {
			isa = PBXGroup;
			children = (
				60B9A79B1A3C8D0500373394 /* Info.plist */,
			);
			name = "Supporting Files";
			sourceTree = "<group>";
		};
/* End PBXGroup section */

/* Begin PBXNativeTarget section */
		60B9A7771A3C8D0400373394 /* SimpleGame */ = {
			isa = PBXNativeTarget;
			buildConfigurationList = 60B9A7A01A3C8D0500373394 /* Build configuration list for PBXNativeTarget "SimpleGame" */;
			buildPhases = (
				60B9A7741A3C8D0400373394 /* Sources */,
				60B9A7751A3C8D0400373394 /* Frameworks */,
				60B9A7761A3C8D0400373394 /* Resources */,
			);
			buildRules = (
			);
			dependencies = (
			);
			name = SimpleGame;
			productName = SimpleGame;
			productReference = 60B9A7781A3C8D0400373394 /* SimpleGame.app */;
			productType = "com.apple.product-type.application";
		};
		60B9A7951A3C8D0500373394 /* SimpleGameTests */ = {
			isa = PBXNativeTarget;
			buildConfigurationList = 60B9A7A31A3C8D0500373394 /* Build configuration list for PBXNativeTarget "SimpleGameTests" */;
			buildPhases = (
				60B9A7921A3C8D0500373394 /* Sources */,
				60B9A7931A3C8D0500373394 /* Frameworks */,
				60B9A7941A3C8D0500373394 /* Resources */,
			);
			buildRules = (
			);
			dependencies = (
				60B9A7981A3C8D0500373394 /* PBXTargetDependency */,
			);
			name = SimpleGameTests;
			productName = SimpleGameTests;
			productReference = 60B9A7961A3C8D0500373394 /* SimpleGameTests.xctest */;
			productType = "com.apple.product-type.bundle.unit-test";
		};
/* End PBXNativeTarget section */

/* Begin PBXProject section */
		60B9A7701A3C8D0400373394 /* Project object */ = {
			isa = PBXProject;
			attributes = {
				LastUpgradeCheck = 0610;
				ORGANIZATIONNAME = "Jeff Kloosterman";
				TargetAttributes = {
					60B9A7771A3C8D0400373394 = {
						CreatedOnToolsVersion = 6.1.1;
						DevelopmentTeam = 8DJ5Z435D4;
					};
					60B9A7951A3C8D0500373394 = {
						CreatedOnToolsVersion = 6.1.1;
						TestTargetID = 60B9A7771A3C8D0400373394;
					};
				};
			};
			buildConfigurationList = 60B9A7731A3C8D0400373394 /* Build configuration list for PBXProject "SimpleGame" */;
			compatibilityVersion = "Xcode 3.2";
			developmentRegion = English;
			hasScannedForEncodings = 0;
			knownRegions = (
				en,
				Base,
			);
			mainGroup = 60B9A76F1A3C8D0400373394;
			productRefGroup = 60B9A7791A3C8D0400373394 /* Products */;
			projectDirPath = "";
			projectRoot = "";
			targets = (
				60B9A7771A3C8D0400373394 /* SimpleGame */,
				60B9A7951A3C8D0500373394 /* SimpleGameTests */,
			);
		};
/* End PBXProject section */

/* Begin PBXResourcesBuildPhase section */
		60B9A7761A3C8D0400373394 /* Resources */ = {
			isa = PBXResourcesBuildPhase;
			buildActionMask = 2147483647;
			files = (
				60B9A7911A3C8D0400373394 /* LaunchScreen.xib in Resources */,
				604969F91A414239009D7B33 /* Info.plist in Resources */,
				60B9A78E1A3C8D0400373394 /* Images.xcassets in Resources */,
				60B9A7861A3C8D0400373394 /* GameScene.sks in Resources */,
				60B9A78C1A3C8D0400373394 /* Main.storyboard in Resources */,
			);
			runOnlyForDeploymentPostprocessing = 0;
		};
		60B9A7941A3C8D0500373394 /* Resources */ = {
			isa = PBXResourcesBuildPhase;
			buildActionMask = 2147483647;
			files = (
			);
			runOnlyForDeploymentPostprocessing = 0;
		};
/* End PBXResourcesBuildPhase section */

/* Begin PBXSourcesBuildPhase section */
		60B9A7741A3C8D0400373394 /* Sources */ = {
			isa = PBXSourcesBuildPhase;
			buildActionMask = 2147483647;
			files = (
				60D1A7391A455644006335D1 /* BlueShip.m in Sources */,
				60D1A73C1A45D913006335D1 /* ExitPortal.m in Sources */,
				60B9A7AB1A3D4CFA00373394 /* BlackHole.m in Sources */,
				609092EE1A3F9C0B002954D4 /* Spawner.m in Sources */,
				60B9A7A71A3CA21500373394 /* Ship.m in Sources */,
				60B9A7891A3C8D0400373394 /* GameViewController.m in Sources */,
				60B9A7811A3C8D0400373394 /* AppDelegate.m in Sources */,
				60B9A7841A3C8D0400373394 /* GameScene.m in Sources */,
				604969FD1A427B43009D7B33 /* CelestialBody.m in Sources */,
				60B9A77E1A3C8D0400373394 /* main.m in Sources */,
				60E856D91A674D3900E8F229 /* GameOverScene.m in Sources */,
				60496A011A43C8B8009D7B33 /* RedShip.m in Sources */,
			);
			runOnlyForDeploymentPostprocessing = 0;
		};
		60B9A7921A3C8D0500373394 /* Sources */ = {
			isa = PBXSourcesBuildPhase;
			buildActionMask = 2147483647;
			files = (
				60B9A79D1A3C8D0500373394 /* SimpleGameTests.m in Sources */,
			);
			runOnlyForDeploymentPostprocessing = 0;
		};
/* End PBXSourcesBuildPhase section */

/* Begin PBXTargetDependency section */
		60B9A7981A3C8D0500373394 /* PBXTargetDependency */ = {
			isa = PBXTargetDependency;
			target = 60B9A7771A3C8D0400373394 /* SimpleGame */;
			targetProxy = 60B9A7971A3C8D0500373394 /* PBXContainerItemProxy */;
		};
/* End PBXTargetDependency section */

/* Begin PBXVariantGroup section */
		60B9A78A1A3C8D0400373394 /* Main.storyboard */ = {
			isa = PBXVariantGroup;
			children = (
				60B9A78B1A3C8D0400373394 /* Base */,
			);
			name = Main.storyboard;
			sourceTree = "<group>";
		};
		60B9A78F1A3C8D0400373394 /* LaunchScreen.xib */ = {
			isa = PBXVariantGroup;
			children = (
				60B9A7901A3C8D0400373394 /* Base */,
			);
			name = LaunchScreen.xib;
			sourceTree = "<group>";
		};
/* End PBXVariantGroup section */

/* Begin XCBuildConfiguration section */
		60B9A79E1A3C8D0500373394 /* Debug */ = {
			isa = XCBuildConfiguration;
			buildSettings = {
				ALWAYS_SEARCH_USER_PATHS = NO;
				CLANG_CXX_LANGUAGE_STANDARD = "gnu++0x";
				CLANG_CXX_LIBRARY = "libc++";
				CLANG_ENABLE_MODULES = YES;
				CLANG_ENABLE_OBJC_ARC = YES;
				CLANG_WARN_BOOL_CONVERSION = YES;
				CLANG_WARN_CONSTANT_CONVERSION = YES;
				CLANG_WARN_DIRECT_OBJC_ISA_USAGE = YES_ERROR;
				CLANG_WARN_EMPTY_BODY = YES;
				CLANG_WARN_ENUM_CONVERSION = YES;
				CLANG_WARN_INT_CONVERSION = YES;
				CLANG_WARN_OBJC_ROOT_CLASS = YES_ERROR;
				CLANG_WARN_UNREACHABLE_CODE = YES;
				CLANG_WARN__DUPLICATE_METHOD_MATCH = YES;
				"CODE_SIGN_IDENTITY[sdk=iphoneos*]" = "iPhone Developer";
				COPY_PHASE_STRIP = NO;
				ENABLE_STRICT_OBJC_MSGSEND = YES;
				GCC_C_LANGUAGE_STANDARD = gnu99;
				GCC_DYNAMIC_NO_PIC = NO;
				GCC_OPTIMIZATION_LEVEL = 0;
				GCC_PREPROCESSOR_DEFINITIONS = (
					"DEBUG=1",
					"$(inherited)",
				);
				GCC_SYMBOLS_PRIVATE_EXTERN = NO;
				GCC_WARN_64_TO_32_BIT_CONVERSION = YES;
				GCC_WARN_ABOUT_RETURN_TYPE = YES_ERROR;
				GCC_WARN_UNDECLARED_SELECTOR = YES;
				GCC_WARN_UNINITIALIZED_AUTOS = YES_AGGRESSIVE;
				GCC_WARN_UNUSED_FUNCTION = YES;
				GCC_WARN_UNUSED_VARIABLE = YES;
				IPHONEOS_DEPLOYMENT_TARGET = 8.1;
				MTL_ENABLE_DEBUG_INFO = YES;
				ONLY_ACTIVE_ARCH = YES;
				SDKROOT = iphoneos;
				TARGETED_DEVICE_FAMILY = 2;
			};
			name = Debug;
		};
		60B9A79F1A3C8D0500373394 /* Release */ = {
			isa = XCBuildConfiguration;
			buildSettings = {
				ALWAYS_SEARCH_USER_PATHS = NO;
				CLANG_CXX_LANGUAGE_STANDARD = "gnu++0x";
				CLANG_CXX_LIBRARY = "libc++";
				CLANG_ENABLE_MODULES = YES;
				CLANG_ENABLE_OBJC_ARC = YES;
				CLANG_WARN_BOOL_CONVERSION = YES;
				CLANG_WARN_CONSTANT_CONVERSION = YES;
				CLANG_WARN_DIRECT_OBJC_ISA_USAGE = YES_ERROR;
				CLANG_WARN_EMPTY_BODY = YES;
				CLANG_WARN_ENUM_CONVERSION = YES;
				CLANG_WARN_INT_CONVERSION = YES;
				CLANG_WARN_OBJC_ROOT_CLASS = YES_ERROR;
				CLANG_WARN_UNREACHABLE_CODE = YES;
				CLANG_WARN__DUPLICATE_METHOD_MATCH = YES;
				"CODE_SIGN_IDENTITY[sdk=iphoneos*]" = "iPhone Developer";
				COPY_PHASE_STRIP = YES;
				ENABLE_NS_ASSERTIONS = NO;
				ENABLE_STRICT_OBJC_MSGSEND = YES;
				GCC_C_LANGUAGE_STANDARD = gnu99;
				GCC_WARN_64_TO_32_BIT_CONVERSION = YES;
				GCC_WARN_ABOUT_RETURN_TYPE = YES_ERROR;
				GCC_WARN_UNDECLARED_SELECTOR = YES;
				GCC_WARN_UNINITIALIZED_AUTOS = YES_AGGRESSIVE;
				GCC_WARN_UNUSED_FUNCTION = YES;
				GCC_WARN_UNUSED_VARIABLE = YES;
				IPHONEOS_DEPLOYMENT_TARGET = 8.1;
				MTL_ENABLE_DEBUG_INFO = NO;
				SDKROOT = iphoneos;
				TARGETED_DEVICE_FAMILY = 2;
				VALIDATE_PRODUCT = YES;
			};
			name = Release;
		};
		60B9A7A11A3C8D0500373394 /* Debug */ = {
			isa = XCBuildConfiguration;
			buildSettings = {
				ASSETCATALOG_COMPILER_APPICON_NAME = AppIcon;
				INFOPLIST_FILE = SimpleGame/Info.plist;
				IPHONEOS_DEPLOYMENT_TARGET = 8.0;
				LD_RUNPATH_SEARCH_PATHS = "$(inherited) @executable_path/Frameworks";
				PRODUCT_NAME = "$(TARGET_NAME)";
				TARGETED_DEVICE_FAMILY = 2;
			};
			name = Debug;
		};
		60B9A7A21A3C8D0500373394 /* Release */ = {
			isa = XCBuildConfiguration;
			buildSettings = {
				ASSETCATALOG_COMPILER_APPICON_NAME = AppIcon;
				INFOPLIST_FILE = SimpleGame/Info.plist;
				IPHONEOS_DEPLOYMENT_TARGET = 8.0;
				LD_RUNPATH_SEARCH_PATHS = "$(inherited) @executable_path/Frameworks";
				PRODUCT_NAME = "$(TARGET_NAME)";
				TARGETED_DEVICE_FAMILY = 2;
			};
			name = Release;
		};
		60B9A7A41A3C8D0500373394 /* Debug */ = {
			isa = XCBuildConfiguration;
			buildSettings = {
				BUNDLE_LOADER = "$(TEST_HOST)";
				FRAMEWORK_SEARCH_PATHS = (
					"$(SDKROOT)/Developer/Library/Frameworks",
					"$(inherited)",
				);
				GCC_PREPROCESSOR_DEFINITIONS = (
					"DEBUG=1",
					"$(inherited)",
				);
				INFOPLIST_FILE = SimpleGameTests/Info.plist;
				LD_RUNPATH_SEARCH_PATHS = "$(inherited) @executable_path/Frameworks @loader_path/Frameworks";
				PRODUCT_NAME = "$(TARGET_NAME)";
				TEST_HOST = "$(BUILT_PRODUCTS_DIR)/SimpleGame.app/SimpleGame";
			};
			name = Debug;
		};
		60B9A7A51A3C8D0500373394 /* Release */ = {
			isa = XCBuildConfiguration;
			buildSettings = {
				BUNDLE_LOADER = "$(TEST_HOST)";
				FRAMEWORK_SEARCH_PATHS = (
					"$(SDKROOT)/Developer/Library/Frameworks",
					"$(inherited)",
				);
				INFOPLIST_FILE = SimpleGameTests/Info.plist;
				LD_RUNPATH_SEARCH_PATHS = "$(inherited) @executable_path/Frameworks @loader_path/Frameworks";
				PRODUCT_NAME = "$(TARGET_NAME)";
				TEST_HOST = "$(BUILT_PRODUCTS_DIR)/SimpleGame.app/SimpleGame";
			};
			name = Release;
		};
/* End XCBuildConfiguration section */

/* Begin XCConfigurationList section */
		60B9A7731A3C8D0400373394 /* Build configuration list for PBXProject "SimpleGame" */ = {
			isa = XCConfigurationList;
			buildConfigurations = (
				60B9A79E1A3C8D0500373394 /* Debug */,
				60B9A79F1A3C8D0500373394 /* Release */,
			);
			defaultConfigurationIsVisible = 0;
			defaultConfigurationName = Release;
		};
		60B9A7A01A3C8D0500373394 /* Build configuration list for PBXNativeTarget "SimpleGame" */ = {
			isa = XCConfigurationList;
			buildConfigurations = (
				60B9A7A11A3C8D0500373394 /* Debug */,
				60B9A7A21A3C8D0500373394 /* Release */,
			);
			defaultConfigurationIsVisible = 0;
			defaultConfigurationName = Release;
		};
		60B9A7A31A3C8D0500373394 /* Build configuration list for PBXNativeTarget "SimpleGameTests" */ = {
			isa = XCConfigurationList;
			buildConfigurations = (
				60B9A7A41A3C8D0500373394 /* Debug */,
				60B9A7A51A3C8D0500373394 /* Release */,
			);
			defaultConfigurationIsVisible = 0;
			defaultConfigurationName = Release;
		};
/* End XCConfigurationList section */
	};
	rootObject = 60B9A7701A3C8D0400373394 /* Project object */;
}
